// !$*UTF8*$!
{
	archiveVersion = 1;
	classes = {
	};
	objectVersion = 56;
	objects = {

/* Begin PBXBuildFile section */
		435473652B00B39300110FF7 /* ComedySportz_ScoreboardApp.swift in Sources */ = {isa = PBXBuildFile; fileRef = 435473642B00B39300110FF7 /* ComedySportz_ScoreboardApp.swift */; };
		435473672B00B39300110FF7 /* BoothContentView.swift in Sources */ = {isa = PBXBuildFile; fileRef = 435473662B00B39300110FF7 /* BoothContentView.swift */; };
		435473692B00B39400110FF7 /* Assets.xcassets in Resources */ = {isa = PBXBuildFile; fileRef = 435473682B00B39400110FF7 /* Assets.xcassets */; };
		4354736C2B00B39400110FF7 /* Preview Assets.xcassets in Resources */ = {isa = PBXBuildFile; fileRef = 4354736B2B00B39400110FF7 /* Preview Assets.xcassets */; };
		435473742B00B91900110FF7 /* BoothView.swift in Sources */ = {isa = PBXBuildFile; fileRef = 435473732B00B91900110FF7 /* BoothView.swift */; };
		435473782B00C2EE00110FF7 /* LiveView.swift in Sources */ = {isa = PBXBuildFile; fileRef = 435473772B00C2EE00110FF7 /* LiveView.swift */; };
		4354737A2B00C35200110FF7 /* LiveContentView.swift in Sources */ = {isa = PBXBuildFile; fileRef = 435473792B00C35200110FF7 /* LiveContentView.swift */; };
		4354737C2B00CACF00110FF7 /* WebConfig.swift in Sources */ = {isa = PBXBuildFile; fileRef = 4354737B2B00CACF00110FF7 /* WebConfig.swift */; };
/* End PBXBuildFile section */

/* Begin PBXFileReference section */
		435473612B00B39300110FF7 /* ComedySportz Scoreboard.app */ = {isa = PBXFileReference; explicitFileType = wrapper.application; includeInIndex = 0; path = "ComedySportz Scoreboard.app"; sourceTree = BUILT_PRODUCTS_DIR; };
		435473642B00B39300110FF7 /* ComedySportz_ScoreboardApp.swift */ = {isa = PBXFileReference; lastKnownFileType = sourcecode.swift; path = ComedySportz_ScoreboardApp.swift; sourceTree = "<group>"; };
		435473662B00B39300110FF7 /* BoothContentView.swift */ = {isa = PBXFileReference; lastKnownFileType = sourcecode.swift; path = BoothContentView.swift; sourceTree = "<group>"; };
		435473682B00B39400110FF7 /* Assets.xcassets */ = {isa = PBXFileReference; lastKnownFileType = folder.assetcatalog; path = Assets.xcassets; sourceTree = "<group>"; };
		4354736B2B00B39400110FF7 /* Preview Assets.xcassets */ = {isa = PBXFileReference; lastKnownFileType = folder.assetcatalog; path = "Preview Assets.xcassets"; sourceTree = "<group>"; };
		4354736D2B00B39400110FF7 /* ComedySportz_Scoreboard.entitlements */ = {isa = PBXFileReference; lastKnownFileType = text.plist.entitlements; path = ComedySportz_Scoreboard.entitlements; sourceTree = "<group>"; };
		435473732B00B91900110FF7 /* BoothView.swift */ = {isa = PBXFileReference; lastKnownFileType = sourcecode.swift; path = BoothView.swift; sourceTree = "<group>"; };
		435473772B00C2EE00110FF7 /* LiveView.swift */ = {isa = PBXFileReference; lastKnownFileType = sourcecode.swift; path = LiveView.swift; sourceTree = "<group>"; };
		435473792B00C35200110FF7 /* LiveContentView.swift */ = {isa = PBXFileReference; lastKnownFileType = sourcecode.swift; path = LiveContentView.swift; sourceTree = "<group>"; };
		4354737B2B00CACF00110FF7 /* WebConfig.swift */ = {isa = PBXFileReference; lastKnownFileType = sourcecode.swift; path = WebConfig.swift; sourceTree = "<group>"; };
/* End PBXFileReference section */

/* Begin PBXFrameworksBuildPhase section */
		4354735E2B00B39300110FF7 /* Frameworks */ = {
			isa = PBXFrameworksBuildPhase;
			buildActionMask = 2147483647;
			files = (
			);
			runOnlyForDeploymentPostprocessing = 0;
		};
/* End PBXFrameworksBuildPhase section */

/* Begin PBXGroup section */
		435473582B00B39300110FF7 = {
			isa = PBXGroup;
			children = (
				435473632B00B39300110FF7 /* ComedySportz Scoreboard */,
				435473622B00B39300110FF7 /* Products */,
			);
			sourceTree = "<group>";
		};
		435473622B00B39300110FF7 /* Products */ = {
			isa = PBXGroup;
			children = (
				435473612B00B39300110FF7 /* ComedySportz Scoreboard.app */,
			);
			name = Products;
			sourceTree = "<group>";
		};
		435473632B00B39300110FF7 /* ComedySportz Scoreboard */ = {
			isa = PBXGroup;
			children = (
				435473642B00B39300110FF7 /* ComedySportz_ScoreboardApp.swift */,
				435473662B00B39300110FF7 /* BoothContentView.swift */,
				435473682B00B39400110FF7 /* Assets.xcassets */,
				4354736D2B00B39400110FF7 /* ComedySportz_Scoreboard.entitlements */,
				4354736A2B00B39400110FF7 /* Preview Content */,
				435473732B00B91900110FF7 /* BoothView.swift */,
				435473772B00C2EE00110FF7 /* LiveView.swift */,
				435473792B00C35200110FF7 /* LiveContentView.swift */,
				4354737B2B00CACF00110FF7 /* WebConfig.swift */,
			);
			path = "ComedySportz Scoreboard";
			sourceTree = "<group>";
		};
		4354736A2B00B39400110FF7 /* Preview Content */ = {
			isa = PBXGroup;
			children = (
				4354736B2B00B39400110FF7 /* Preview Assets.xcassets */,
			);
			path = "Preview Content";
			sourceTree = "<group>";
		};
/* End PBXGroup section */

/* Begin PBXNativeTarget section */
		435473602B00B39300110FF7 /* ComedySportz Scoreboard */ = {
			isa = PBXNativeTarget;
			buildConfigurationList = 435473702B00B39400110FF7 /* Build configuration list for PBXNativeTarget "ComedySportz Scoreboard" */;
			buildPhases = (
				4354735D2B00B39300110FF7 /* Sources */,
				4354735E2B00B39300110FF7 /* Frameworks */,
				4354735F2B00B39300110FF7 /* Resources */,
			);
			buildRules = (
			);
			dependencies = (
			);
			name = "ComedySportz Scoreboard";
			productName = "ComedySportz Scoreboard";
			productReference = 435473612B00B39300110FF7 /* ComedySportz Scoreboard.app */;
			productType = "com.apple.product-type.application";
		};
/* End PBXNativeTarget section */

/* Begin PBXProject section */
		435473592B00B39300110FF7 /* Project object */ = {
			isa = PBXProject;
			attributes = {
				BuildIndependentTargetsInParallel = 1;
				LastSwiftUpdateCheck = 1500;
				LastUpgradeCheck = 1500;
				TargetAttributes = {
					435473602B00B39300110FF7 = {
						CreatedOnToolsVersion = 15.0.1;
					};
				};
			};
			buildConfigurationList = 4354735C2B00B39300110FF7 /* Build configuration list for PBXProject "ComedySportz Scoreboard" */;
			compatibilityVersion = "Xcode 14.0";
			developmentRegion = en;
			hasScannedForEncodings = 0;
			knownRegions = (
				en,
				Base,
			);
			mainGroup = 435473582B00B39300110FF7;
			productRefGroup = 435473622B00B39300110FF7 /* Products */;
			projectDirPath = "";
			projectRoot = "";
			targets = (
				435473602B00B39300110FF7 /* ComedySportz Scoreboard */,
			);
		};
/* End PBXProject section */

/* Begin PBXResourcesBuildPhase section */
		4354735F2B00B39300110FF7 /* Resources */ = {
			isa = PBXResourcesBuildPhase;
			buildActionMask = 2147483647;
			files = (
				4354736C2B00B39400110FF7 /* Preview Assets.xcassets in Resources */,
				435473692B00B39400110FF7 /* Assets.xcassets in Resources */,
			);
			runOnlyForDeploymentPostprocessing = 0;
		};
/* End PBXResourcesBuildPhase section */

/* Begin PBXSourcesBuildPhase section */
		4354735D2B00B39300110FF7 /* Sources */ = {
			isa = PBXSourcesBuildPhase;
			buildActionMask = 2147483647;
			files = (
				435473782B00C2EE00110FF7 /* LiveView.swift in Sources */,
				4354737C2B00CACF00110FF7 /* WebConfig.swift in Sources */,
				435473672B00B39300110FF7 /* BoothContentView.swift in Sources */,
				4354737A2B00C35200110FF7 /* LiveContentView.swift in Sources */,
				435473652B00B39300110FF7 /* ComedySportz_ScoreboardApp.swift in Sources */,
				435473742B00B91900110FF7 /* BoothView.swift in Sources */,
			);
			runOnlyForDeploymentPostprocessing = 0;
		};
/* End PBXSourcesBuildPhase section */

/* Begin XCBuildConfiguration section */
		4354736E2B00B39400110FF7 /* Debug */ = {
			isa = XCBuildConfiguration;
			buildSettings = {
				ALWAYS_SEARCH_USER_PATHS = NO;
				ASSETCATALOG_COMPILER_GENERATE_SWIFT_ASSET_SYMBOL_EXTENSIONS = YES;
				CLANG_ANALYZER_NONNULL = YES;
				CLANG_ANALYZER_NUMBER_OBJECT_CONVERSION = YES_AGGRESSIVE;
				CLANG_CXX_LANGUAGE_STANDARD = "gnu++20";
				CLANG_ENABLE_MODULES = YES;
				CLANG_ENABLE_OBJC_ARC = YES;
				CLANG_ENABLE_OBJC_WEAK = YES;
				CLANG_WARN_BLOCK_CAPTURE_AUTORELEASING = YES;
				CLANG_WARN_BOOL_CONVERSION = YES;
				CLANG_WARN_COMMA = YES;
				CLANG_WARN_CONSTANT_CONVERSION = YES;
				CLANG_WARN_DEPRECATED_OBJC_IMPLEMENTATIONS = YES;
				CLANG_WARN_DIRECT_OBJC_ISA_USAGE = YES_ERROR;
				CLANG_WARN_DOCUMENTATION_COMMENTS = YES;
				CLANG_WARN_EMPTY_BODY = YES;
				CLANG_WARN_ENUM_CONVERSION = YES;
				CLANG_WARN_INFINITE_RECURSION = YES;
				CLANG_WARN_INT_CONVERSION = YES;
				CLANG_WARN_NON_LITERAL_NULL_CONVERSION = YES;
				CLANG_WARN_OBJC_IMPLICIT_RETAIN_SELF = YES;
				CLANG_WARN_OBJC_LITERAL_CONVERSION = YES;
				CLANG_WARN_OBJC_ROOT_CLASS = YES_ERROR;
				CLANG_WARN_QUOTED_INCLUDE_IN_FRAMEWORK_HEADER = YES;
				CLANG_WARN_RANGE_LOOP_ANALYSIS = YES;
				CLANG_WARN_STRICT_PROTOTYPES = YES;
				CLANG_WARN_SUSPICIOUS_MOVE = YES;
				CLANG_WARN_UNGUARDED_AVAILABILITY = YES_AGGRESSIVE;
				CLANG_WARN_UNREACHABLE_CODE = YES;
				CLANG_WARN__DUPLICATE_METHOD_MATCH = YES;
				COPY_PHASE_STRIP = NO;
				DEBUG_INFORMATION_FORMAT = dwarf;
				ENABLE_STRICT_OBJC_MSGSEND = YES;
				ENABLE_TESTABILITY = YES;
				ENABLE_USER_SCRIPT_SANDBOXING = YES;
				GCC_C_LANGUAGE_STANDARD = gnu17;
				GCC_DYNAMIC_NO_PIC = NO;
				GCC_NO_COMMON_BLOCKS = YES;
				GCC_OPTIMIZATION_LEVEL = 0;
				GCC_PREPROCESSOR_DEFINITIONS = (
					"DEBUG=1",
					"$(inherited)",
				);
				GCC_WARN_64_TO_32_BIT_CONVERSION = YES;
				GCC_WARN_ABOUT_RETURN_TYPE = YES_ERROR;
				GCC_WARN_UNDECLARED_SELECTOR = YES;
				GCC_WARN_UNINITIALIZED_AUTOS = YES_AGGRESSIVE;
				GCC_WARN_UNUSED_FUNCTION = YES;
				GCC_WARN_UNUSED_VARIABLE = YES;
				LOCALIZATION_PREFERS_STRING_CATALOGS = YES;
				MACOSX_DEPLOYMENT_TARGET = 13.6;
				MTL_ENABLE_DEBUG_INFO = INCLUDE_SOURCE;
				MTL_FAST_MATH = YES;
				ONLY_ACTIVE_ARCH = YES;
				SDKROOT = macosx;
				SWIFT_ACTIVE_COMPILATION_CONDITIONS = "DEBUG $(inherited)";
				SWIFT_OPTIMIZATION_LEVEL = "-Onone";
			};
			name = Debug;
		};
		4354736F2B00B39400110FF7 /* Release */ = {
			isa = XCBuildConfiguration;
			buildSettings = {
				ALWAYS_SEARCH_USER_PATHS = NO;
				ASSETCATALOG_COMPILER_GENERATE_SWIFT_ASSET_SYMBOL_EXTENSIONS = YES;
				CLANG_ANALYZER_NONNULL = YES;
				CLANG_ANALYZER_NUMBER_OBJECT_CONVERSION = YES_AGGRESSIVE;
				CLANG_CXX_LANGUAGE_STANDARD = "gnu++20";
				CLANG_ENABLE_MODULES = YES;
				CLANG_ENABLE_OBJC_ARC = YES;
				CLANG_ENABLE_OBJC_WEAK = YES;
				CLANG_WARN_BLOCK_CAPTURE_AUTORELEASING = YES;
				CLANG_WARN_BOOL_CONVERSION = YES;
				CLANG_WARN_COMMA = YES;
				CLANG_WARN_CONSTANT_CONVERSION = YES;
				CLANG_WARN_DEPRECATED_OBJC_IMPLEMENTATIONS = YES;
				CLANG_WARN_DIRECT_OBJC_ISA_USAGE = YES_ERROR;
				CLANG_WARN_DOCUMENTATION_COMMENTS = YES;
				CLANG_WARN_EMPTY_BODY = YES;
				CLANG_WARN_ENUM_CONVERSION = YES;
				CLANG_WARN_INFINITE_RECURSION = YES;
				CLANG_WARN_INT_CONVERSION = YES;
				CLANG_WARN_NON_LITERAL_NULL_CONVERSION = YES;
				CLANG_WARN_OBJC_IMPLICIT_RETAIN_SELF = YES;
				CLANG_WARN_OBJC_LITERAL_CONVERSION = YES;
				CLANG_WARN_OBJC_ROOT_CLASS = YES_ERROR;
				CLANG_WARN_QUOTED_INCLUDE_IN_FRAMEWORK_HEADER = YES;
				CLANG_WARN_RANGE_LOOP_ANALYSIS = YES;
				CLANG_WARN_STRICT_PROTOTYPES = YES;
				CLANG_WARN_SUSPICIOUS_MOVE = YES;
				CLANG_WARN_UNGUARDED_AVAILABILITY = YES_AGGRESSIVE;
				CLANG_WARN_UNREACHABLE_CODE = YES;
				CLANG_WARN__DUPLICATE_METHOD_MATCH = YES;
				COPY_PHASE_STRIP = NO;
				DEBUG_INFORMATION_FORMAT = "dwarf-with-dsym";
				ENABLE_NS_ASSERTIONS = NO;
				ENABLE_STRICT_OBJC_MSGSEND = YES;
				ENABLE_USER_SCRIPT_SANDBOXING = YES;
				GCC_C_LANGUAGE_STANDARD = gnu17;
				GCC_NO_COMMON_BLOCKS = YES;
				GCC_WARN_64_TO_32_BIT_CONVERSION = YES;
				GCC_WARN_ABOUT_RETURN_TYPE = YES_ERROR;
				GCC_WARN_UNDECLARED_SELECTOR = YES;
				GCC_WARN_UNINITIALIZED_AUTOS = YES_AGGRESSIVE;
				GCC_WARN_UNUSED_FUNCTION = YES;
				GCC_WARN_UNUSED_VARIABLE = YES;
				LOCALIZATION_PREFERS_STRING_CATALOGS = YES;
				MACOSX_DEPLOYMENT_TARGET = 13.6;
				MTL_ENABLE_DEBUG_INFO = NO;
				MTL_FAST_MATH = YES;
				SDKROOT = macosx;
				SWIFT_COMPILATION_MODE = wholemodule;
			};
			name = Release;
		};
		435473712B00B39400110FF7 /* Debug */ = {
			isa = XCBuildConfiguration;
			buildSettings = {
				ASSETCATALOG_COMPILER_APPICON_NAME = AppIcon;
				ASSETCATALOG_COMPILER_GLOBAL_ACCENT_COLOR_NAME = AccentColor;
				CODE_SIGN_ENTITLEMENTS = "ComedySportz Scoreboard/ComedySportz_Scoreboard.entitlements";
				CODE_SIGN_STYLE = Automatic;
				COMBINE_HIDPI_IMAGES = YES;
				CURRENT_PROJECT_VERSION = 1;
				DEVELOPMENT_ASSET_PATHS = "\"ComedySportz Scoreboard/Preview Content\"";
				ENABLE_PREVIEWS = YES;
				GENERATE_INFOPLIST_FILE = YES;
				INFOPLIST_KEY_NSHumanReadableCopyright = "";
				LD_RUNPATH_SEARCH_PATHS = (
					"$(inherited)",
					"@executable_path/../Frameworks",
				);
				MARKETING_VERSION = 1.0;
				PRODUCT_BUNDLE_IDENTIFIER = "com.comedysportz.ComedySportz-Scoreboard";
				PRODUCT_NAME = "$(TARGET_NAME)";
				SWIFT_EMIT_LOC_STRINGS = YES;
				SWIFT_VERSION = 5.0;
			};
			name = Debug;
		};
		435473722B00B39400110FF7 /* Release */ = {
			isa = XCBuildConfiguration;
			buildSettings = {
				ASSETCATALOG_COMPILER_APPICON_NAME = AppIcon;
				ASSETCATALOG_COMPILER_GLOBAL_ACCENT_COLOR_NAME = AccentColor;
				CODE_SIGN_ENTITLEMENTS = "ComedySportz Scoreboard/ComedySportz_Scoreboard.entitlements";
				CODE_SIGN_STYLE = Automatic;
				COMBINE_HIDPI_IMAGES = YES;
				CURRENT_PROJECT_VERSION = 1;
				DEVELOPMENT_ASSET_PATHS = "\"ComedySportz Scoreboard/Preview Content\"";
				ENABLE_PREVIEWS = YES;
				GENERATE_INFOPLIST_FILE = YES;
				INFOPLIST_KEY_NSHumanReadableCopyright = "";
				LD_RUNPATH_SEARCH_PATHS = (
					"$(inherited)",
					"@executable_path/../Frameworks",
				);
				MARKETING_VERSION = 1.0;
				PRODUCT_BUNDLE_IDENTIFIER = "com.comedysportz.ComedySportz-Scoreboard";
				PRODUCT_NAME = "$(TARGET_NAME)";
				SWIFT_EMIT_LOC_STRINGS = YES;
				SWIFT_VERSION = 5.0;
			};
			name = Release;
		};
/* End XCBuildConfiguration section */

/* Begin XCConfigurationList section */
		4354735C2B00B39300110FF7 /* Build configuration list for PBXProject "ComedySportz Scoreboard" */ = {
			isa = XCConfigurationList;
			buildConfigurations = (
				4354736E2B00B39400110FF7 /* Debug */,
				4354736F2B00B39400110FF7 /* Release */,
			);
			defaultConfigurationIsVisible = 0;
			defaultConfigurationName = Release;
		};
		435473702B00B39400110FF7 /* Build configuration list for PBXNativeTarget "ComedySportz Scoreboard" */ = {
			isa = XCConfigurationList;
			buildConfigurations = (
				435473712B00B39400110FF7 /* Debug */,
				435473722B00B39400110FF7 /* Release */,
			);
			defaultConfigurationIsVisible = 0;
			defaultConfigurationName = Release;
		};
/* End XCConfigurationList section */
	};
	rootObject = 435473592B00B39300110FF7 /* Project object */;
}
